
Microsoft Visual Studio Solution File, Format Version 12.00
Project("{FAE04EC0-301F-11D3-BF4B-00C04F79EFBC}") = "Agentic-Design-Pattern-With-MAF", "Agentic-Design-Pattern-With-MAF\Agentic-Design-Pattern-With-MAF.csproj", "{06E7CB13-D682-4006-86DD-3D760D2F74FA}"
EndProject
Project("{FAE04EC0-301F-11D3-BF4B-00C04F79EFBC}") = "CategorizationAgent", "CategorizationAgent\CategorizationAgent.csproj", "{878E360E-984E-4015-9444-D06B72E3A642}"
EndProject
Global
	GlobalSection(SolutionConfigurationPlatforms) = preSolution
		Debug|Any CPU = Debug|Any CPU
		Release|Any CPU = Release|Any CPU
	EndGlobalSection
	GlobalSection(ProjectConfigurationPlatforms) = postSolution
		{06E7CB13-D682-4006-86DD-3D760D2F74FA}.Debug|Any CPU.ActiveCfg = Debug|Any CPU
		{06E7CB13-D682-4006-86DD-3D760D2F74FA}.Debug|Any CPU.Build.0 = Debug|Any CPU
		{06E7CB13-D682-4006-86DD-3D760D2F74FA}.Release|Any CPU.ActiveCfg = Release|Any CPU
		{06E7CB13-D682-4006-86DD-3D760D2F74FA}.Release|Any CPU.Build.0 = Release|Any CPU
		{878E360E-984E-4015-9444-D06B72E3A642}.Debug|Any CPU.ActiveCfg = Debug|Any CPU
		{878E360E-984E-4015-9444-D06B72E3A642}.Debug|Any CPU.Build.0 = Debug|Any CPU
		{878E360E-984E-4015-9444-D06B72E3A642}.Release|Any CPU.ActiveCfg = Release|Any CPU
		{878E360E-984E-4015-9444-D06B72E3A642}.Release|Any CPU.Build.0 = Release|Any CPU
	EndGlobalSection
EndGlobal
